
Microsoft Visual Studio Solution File, Format Version 12.00
# Visual Studio Version 16
VisualStudioVersion = 16.0.30320.27
MinimumVisualStudioVersion = 10.0.40219.1
Project("{FAE04EC0-301F-11D3-BF4B-00C04F79EFBC}") = "AgroControl", "AgroControl.csproj", "{642C4700-FD5B-4F9C-A2E4-25DB5B42F971}"
EndProject
Global
	GlobalSection(SolutionConfigurationPlatforms) = preSolution
		Debug|Any CPU = Debug|Any CPU
		Release|Any CPU = Release|Any CPU
	EndGlobalSection
	GlobalSection(ProjectConfigurationPlatforms) = postSolution
		{642C4700-FD5B-4F9C-A2E4-25DB5B42F971}.Debug|Any CPU.ActiveCfg = Debug|Any CPU
		{642C4700-FD5B-4F9C-A2E4-25DB5B42F971}.Debug|Any CPU.Build.0 = Debug|Any CPU
		{642C4700-FD5B-4F9C-A2E4-25DB5B42F971}.Release|Any CPU.ActiveCfg = Release|Any CPU
		{642C4700-FD5B-4F9C-A2E4-25DB5B42F971}.Release|Any CPU.Build.0 = Release|Any CPU
	EndGlobalSection
	GlobalSection(SolutionProperties) = preSolution
		HideSolutionNode = FALSE
	EndGlobalSection
	GlobalSection(ExtensibilityGlobals) = postSolution
		SolutionGuid = {C09D0B37-A041-49B2-94CE-7AEE537829D5}
	EndGlobalSection
EndGlobal
